
Microsoft Visual Studio Solution File, Format Version 12.00
# Visual Studio Version 16
VisualStudioVersion = 16.0.31112.23
MinimumVisualStudioVersion = 10.0.40219.1
Project("{FAE04EC0-301F-11D3-BF4B-00C04F79EFBC}") = "Exam_AQL", "Exam_AQL.csproj", "{7AB46411-1944-4834-9EE6-2014AC108160}"
EndProject
Global
	GlobalSection(SolutionConfigurationPlatforms) = preSolution
		Debug|Any CPU = Debug|Any CPU
		Release|Any CPU = Release|Any CPU
	EndGlobalSection
	GlobalSection(ProjectConfigurationPlatforms) = postSolution
		{7AB46411-1944-4834-9EE6-2014AC108160}.Debug|Any CPU.ActiveCfg = Debug|Any CPU
		{7AB46411-1944-4834-9EE6-2014AC108160}.Debug|Any CPU.Build.0 = Debug|Any CPU
		{7AB46411-1944-4834-9EE6-2014AC108160}.Release|Any CPU.ActiveCfg = Release|Any CPU
		{7AB46411-1944-4834-9EE6-2014AC108160}.Release|Any CPU.Build.0 = Release|Any CPU
	EndGlobalSection
	GlobalSection(SolutionProperties) = preSolution
		HideSolutionNode = FALSE
	EndGlobalSection
	GlobalSection(ExtensibilityGlobals) = postSolution
		SolutionGuid = {33D84AF5-D9D5-49F5-9B8E-6BFA913CA4B7}
	EndGlobalSection
EndGlobal
